
Microsoft Visual Studio Solution File, Format Version 12.00
# Visual Studio Version 17
VisualStudioVersion = 17.10.35004.147
MinimumVisualStudioVersion = 10.0.40219.1
Project("{9A19103F-16F7-4668-BE54-9A1E7A4F7556}") = "AdmxPolicyManager", "AdmxPolicyManager\AdmxPolicyManager.csproj", "{DF66A5D5-5347-49D1-BF7B-86B7FF37EAA4}"
EndProject
Project("{9A19103F-16F7-4668-BE54-9A1E7A4F7556}") = "AdmxPolicyManager.Test", "AdmxPolicyManager.Test\AdmxPolicyManager.Test.csproj", "{167D74D9-D8B2-4858-8058-A7B1F3778F36}"
EndProject
Project("{2150E333-8FDC-42A3-9474-1A3956D46DE8}") = "솔루션 항목", "솔루션 항목", "{970668A1-8601-4963-A394-9225D6482FB0}"
	ProjectSection(SolutionItems) = preProject
		..\.github\workflows\dotnet.yml = ..\.github\workflows\dotnet.yml
	EndProjectSection
EndProject
Global
	GlobalSection(SolutionConfigurationPlatforms) = preSolution
		Debug|Any CPU = Debug|Any CPU
		Release|Any CPU = Release|Any CPU
	EndGlobalSection
	GlobalSection(ProjectConfigurationPlatforms) = postSolution
		{DF66A5D5-5347-49D1-BF7B-86B7FF37EAA4}.Debug|Any CPU.ActiveCfg = Debug|Any CPU
		{DF66A5D5-5347-49D1-BF7B-86B7FF37EAA4}.Debug|Any CPU.Build.0 = Debug|Any CPU
		{DF66A5D5-5347-49D1-BF7B-86B7FF37EAA4}.Release|Any CPU.ActiveCfg = Release|Any CPU
		{DF66A5D5-5347-49D1-BF7B-86B7FF37EAA4}.Release|Any CPU.Build.0 = Release|Any CPU
		{167D74D9-D8B2-4858-8058-A7B1F3778F36}.Debug|Any CPU.ActiveCfg = Debug|Any CPU
		{167D74D9-D8B2-4858-8058-A7B1F3778F36}.Debug|Any CPU.Build.0 = Debug|Any CPU
		{167D74D9-D8B2-4858-8058-A7B1F3778F36}.Release|Any CPU.ActiveCfg = Release|Any CPU
		{167D74D9-D8B2-4858-8058-A7B1F3778F36}.Release|Any CPU.Build.0 = Release|Any CPU
	EndGlobalSection
	GlobalSection(SolutionProperties) = preSolution
		HideSolutionNode = FALSE
	EndGlobalSection
	GlobalSection(ExtensibilityGlobals) = postSolution
		SolutionGuid = {F7AFA9F7-0BB9-4832-9D62-1057BDDA29F1}
	EndGlobalSection
EndGlobal
